// !$*UTF8*$!
{
	archiveVersion = 1;
	classes = {
	};
	objectVersion = 77;
	objects = {

/* Begin PBXBuildFile section */
		D4001DBC2CE2756300760CC2 /* FirebaseAnalytics in Frameworks */ = {isa = PBXBuildFile; productRef = D4001DBB2CE2756300760CC2 /* FirebaseAnalytics */; };
		D4001DBE2CE2756300760CC2 /* FirebaseAnalyticsOnDeviceConversion in Frameworks */ = {isa = PBXBuildFile; productRef = D4001DBD2CE2756300760CC2 /* FirebaseAnalyticsOnDeviceConversion */; };
		D4001DC02CE2756300760CC2 /* FirebaseAnalyticsWithoutAdIdSupport in Frameworks */ = {isa = PBXBuildFile; productRef = D4001DBF2CE2756300760CC2 /* FirebaseAnalyticsWithoutAdIdSupport */; };
		D4001DC22CE2756300760CC2 /* FirebaseAppCheck in Frameworks */ = {isa = PBXBuildFile; productRef = D4001DC12CE2756300760CC2 /* FirebaseAppCheck */; };
		D4001DC42CE2756300760CC2 /* FirebaseAppDistribution-Beta in Frameworks */ = {isa = PBXBuildFile; productRef = D4001DC32CE2756300760CC2 /* FirebaseAppDistribution-Beta */; };
		D4001DC62CE2756300760CC2 /* FirebaseAuth in Frameworks */ = {isa = PBXBuildFile; productRef = D4001DC52CE2756300760CC2 /* FirebaseAuth */; };
		D4001DC82CE2756300760CC2 /* FirebaseAuthCombine-Community in Frameworks */ = {isa = PBXBuildFile; productRef = D4001DC72CE2756300760CC2 /* FirebaseAuthCombine-Community */; };
		D4001DCA2CE2756300760CC2 /* FirebaseCore in Frameworks */ = {isa = PBXBuildFile; productRef = D4001DC92CE2756300760CC2 /* FirebaseCore */; };
		D4001DCC2CE2756300760CC2 /* FirebaseCrashlytics in Frameworks */ = {isa = PBXBuildFile; productRef = D4001DCB2CE2756300760CC2 /* FirebaseCrashlytics */; };
		D4001DCE2CE2756300760CC2 /* FirebaseDatabase in Frameworks */ = {isa = PBXBuildFile; productRef = D4001DCD2CE2756300760CC2 /* FirebaseDatabase */; };
		D4001DD02CE2756300760CC2 /* FirebaseDynamicLinks in Frameworks */ = {isa = PBXBuildFile; productRef = D4001DCF2CE2756300760CC2 /* FirebaseDynamicLinks */; };
		D4001DD22CE2756300760CC2 /* FirebaseFirestore in Frameworks */ = {isa = PBXBuildFile; productRef = D4001DD12CE2756300760CC2 /* FirebaseFirestore */; };
		D4001DD42CE2756300760CC2 /* FirebaseFirestoreCombine-Community in Frameworks */ = {isa = PBXBuildFile; productRef = D4001DD32CE2756300760CC2 /* FirebaseFirestoreCombine-Community */; };
		D4001DD62CE2756300760CC2 /* FirebaseFunctions in Frameworks */ = {isa = PBXBuildFile; productRef = D4001DD52CE2756300760CC2 /* FirebaseFunctions */; };
		D4001DD82CE2756300760CC2 /* FirebaseFunctionsCombine-Community in Frameworks */ = {isa = PBXBuildFile; productRef = D4001DD72CE2756300760CC2 /* FirebaseFunctionsCombine-Community */; };
		D4001DDA2CE2756300760CC2 /* FirebaseInAppMessaging-Beta in Frameworks */ = {isa = PBXBuildFile; productRef = D4001DD92CE2756300760CC2 /* FirebaseInAppMessaging-Beta */; };
		D4001DDC2CE2756300760CC2 /* FirebaseInstallations in Frameworks */ = {isa = PBXBuildFile; productRef = D4001DDB2CE2756300760CC2 /* FirebaseInstallations */; };
		D4001DDE2CE2756300760CC2 /* FirebaseMLModelDownloader in Frameworks */ = {isa = PBXBuildFile; productRef = D4001DDD2CE2756300760CC2 /* FirebaseMLModelDownloader */; };
		D4001DE02CE2756300760CC2 /* FirebaseMessaging in Frameworks */ = {isa = PBXBuildFile; productRef = D4001DDF2CE2756300760CC2 /* FirebaseMessaging */; };
		D4001DE22CE2756300760CC2 /* FirebasePerformance in Frameworks */ = {isa = PBXBuildFile; productRef = D4001DE12CE2756300760CC2 /* FirebasePerformance */; };
		D4001DE42CE2756300760CC2 /* FirebaseRemoteConfig in Frameworks */ = {isa = PBXBuildFile; productRef = D4001DE32CE2756300760CC2 /* FirebaseRemoteConfig */; };
		D4001DE62CE2756300760CC2 /* FirebaseStorage in Frameworks */ = {isa = PBXBuildFile; productRef = D4001DE52CE2756300760CC2 /* FirebaseStorage */; };
		D4001DE82CE2756300760CC2 /* FirebaseStorageCombine-Community in Frameworks */ = {isa = PBXBuildFile; productRef = D4001DE72CE2756300760CC2 /* FirebaseStorageCombine-Community */; };
		D4001DEA2CE2756300760CC2 /* FirebaseVertexAI in Frameworks */ = {isa = PBXBuildFile; productRef = D4001DE92CE2756300760CC2 /* FirebaseVertexAI */; };
/* End PBXBuildFile section */

/* Begin PBXFileReference section */
		D48A2A402CDC2667009CB969 /* MessagerAppProject.app */ = {isa = PBXFileReference; explicitFileType = wrapper.application; includeInIndex = 0; path = MessagerAppProject.app; sourceTree = BUILT_PRODUCTS_DIR; };
/* End PBXFileReference section */

/* Begin PBXFileSystemSynchronizedRootGroup section */
		D48A2A422CDC2667009CB969 /* MessagerAppProject */ = {
			isa = PBXFileSystemSynchronizedRootGroup;
			path = MessagerAppProject;
			sourceTree = "<group>";
		};
/* End PBXFileSystemSynchronizedRootGroup section */

/* Begin PBXFrameworksBuildPhase section */
		D48A2A3D2CDC2667009CB969 /* Frameworks */ = {
			isa = PBXFrameworksBuildPhase;
			buildActionMask = 2147483647;
			files = (
				D4001DD42CE2756300760CC2 /* FirebaseFirestoreCombine-Community in Frameworks */,
				D4001DEA2CE2756300760CC2 /* FirebaseVertexAI in Frameworks */,
				D4001DD62CE2756300760CC2 /* FirebaseFunctions in Frameworks */,
				D4001DE22CE2756300760CC2 /* FirebasePerformance in Frameworks */,
				D4001DE82CE2756300760CC2 /* FirebaseStorageCombine-Community in Frameworks */,
				D4001DE42CE2756300760CC2 /* FirebaseRemoteConfig in Frameworks */,
				D4001DCE2CE2756300760CC2 /* FirebaseDatabase in Frameworks */,
				D4001DD02CE2756300760CC2 /* FirebaseDynamicLinks in Frameworks */,
				D4001DC22CE2756300760CC2 /* FirebaseAppCheck in Frameworks */,
				D4001DC62CE2756300760CC2 /* FirebaseAuth in Frameworks */,
				D4001DBC2CE2756300760CC2 /* FirebaseAnalytics in Frameworks */,
				D4001DD22CE2756300760CC2 /* FirebaseFirestore in Frameworks */,
				D4001DE02CE2756300760CC2 /* FirebaseMessaging in Frameworks */,
				D4001DDC2CE2756300760CC2 /* FirebaseInstallations in Frameworks */,
				D4001DD82CE2756300760CC2 /* FirebaseFunctionsCombine-Community in Frameworks */,
				D4001DC42CE2756300760CC2 /* FirebaseAppDistribution-Beta in Frameworks */,
				D4001DC02CE2756300760CC2 /* FirebaseAnalyticsWithoutAdIdSupport in Frameworks */,
				D4001DDA2CE2756300760CC2 /* FirebaseInAppMessaging-Beta in Frameworks */,
				D4001DC82CE2756300760CC2 /* FirebaseAuthCombine-Community in Frameworks */,
				D4001DCC2CE2756300760CC2 /* FirebaseCrashlytics in Frameworks */,
				D4001DDE2CE2756300760CC2 /* FirebaseMLModelDownloader in Frameworks */,
				D4001DE62CE2756300760CC2 /* FirebaseStorage in Frameworks */,
				D4001DCA2CE2756300760CC2 /* FirebaseCore in Frameworks */,
				D4001DBE2CE2756300760CC2 /* FirebaseAnalyticsOnDeviceConversion in Frameworks */,
			);
			runOnlyForDeploymentPostprocessing = 0;
		};
/* End PBXFrameworksBuildPhase section */

/* Begin PBXGroup section */
		D48A2A372CDC2667009CB969 = {
			isa = PBXGroup;
			children = (
				D48A2A422CDC2667009CB969 /* MessagerAppProject */,
				D48A2A412CDC2667009CB969 /* Products */,
			);
			sourceTree = "<group>";
		};
		D48A2A412CDC2667009CB969 /* Products */ = {
			isa = PBXGroup;
			children = (
				D48A2A402CDC2667009CB969 /* MessagerAppProject.app */,
			);
			name = Products;
			sourceTree = "<group>";
		};
/* End PBXGroup section */

/* Begin PBXNativeTarget section */
		D48A2A3F2CDC2667009CB969 /* MessagerAppProject */ = {
			isa = PBXNativeTarget;
			buildConfigurationList = D48A2A4E2CDC266A009CB969 /* Build configuration list for PBXNativeTarget "MessagerAppProject" */;
			buildPhases = (
				D48A2A3C2CDC2667009CB969 /* Sources */,
				D48A2A3D2CDC2667009CB969 /* Frameworks */,
				D48A2A3E2CDC2667009CB969 /* Resources */,
			);
			buildRules = (
			);
			dependencies = (
			);
			fileSystemSynchronizedGroups = (
				D48A2A422CDC2667009CB969 /* MessagerAppProject */,
			);
			name = MessagerAppProject;
			packageProductDependencies = (
				D4001DBB2CE2756300760CC2 /* FirebaseAnalytics */,
				D4001DBD2CE2756300760CC2 /* FirebaseAnalyticsOnDeviceConversion */,
				D4001DBF2CE2756300760CC2 /* FirebaseAnalyticsWithoutAdIdSupport */,
				D4001DC12CE2756300760CC2 /* FirebaseAppCheck */,
				D4001DC32CE2756300760CC2 /* FirebaseAppDistribution-Beta */,
				D4001DC52CE2756300760CC2 /* FirebaseAuth */,
				D4001DC72CE2756300760CC2 /* FirebaseAuthCombine-Community */,
				D4001DC92CE2756300760CC2 /* FirebaseCore */,
				D4001DCB2CE2756300760CC2 /* FirebaseCrashlytics */,
				D4001DCD2CE2756300760CC2 /* FirebaseDatabase */,
				D4001DCF2CE2756300760CC2 /* FirebaseDynamicLinks */,
				D4001DD12CE2756300760CC2 /* FirebaseFirestore */,
				D4001DD32CE2756300760CC2 /* FirebaseFirestoreCombine-Community */,
				D4001DD52CE2756300760CC2 /* FirebaseFunctions */,
				D4001DD72CE2756300760CC2 /* FirebaseFunctionsCombine-Community */,
				D4001DD92CE2756300760CC2 /* FirebaseInAppMessaging-Beta */,
				D4001DDB2CE2756300760CC2 /* FirebaseInstallations */,
				D4001DDD2CE2756300760CC2 /* FirebaseMLModelDownloader */,
				D4001DDF2CE2756300760CC2 /* FirebaseMessaging */,
				D4001DE12CE2756300760CC2 /* FirebasePerformance */,
				D4001DE32CE2756300760CC2 /* FirebaseRemoteConfig */,
				D4001DE52CE2756300760CC2 /* FirebaseStorage */,
				D4001DE72CE2756300760CC2 /* FirebaseStorageCombine-Community */,
				D4001DE92CE2756300760CC2 /* FirebaseVertexAI */,
			);
			productName = MessagerAppProject;
			productReference = D48A2A402CDC2667009CB969 /* MessagerAppProject.app */;
			productType = "com.apple.product-type.application";
		};
/* End PBXNativeTarget section */

/* Begin PBXProject section */
		D48A2A382CDC2667009CB969 /* Project object */ = {
			isa = PBXProject;
			attributes = {
				BuildIndependentTargetsInParallel = 1;
				LastSwiftUpdateCheck = 1600;
				LastUpgradeCheck = 1600;
				TargetAttributes = {
					D48A2A3F2CDC2667009CB969 = {
						CreatedOnToolsVersion = 16.0;
					};
				};
			};
			buildConfigurationList = D48A2A3B2CDC2667009CB969 /* Build configuration list for PBXProject "MessagerAppProject" */;
			developmentRegion = en;
			hasScannedForEncodings = 0;
			knownRegions = (
				en,
				Base,
			);
			mainGroup = D48A2A372CDC2667009CB969;
			minimizedProjectReferenceProxies = 1;
			packageReferences = (
				D4001DBA2CE2756300760CC2 /* XCRemoteSwiftPackageReference "firebase-ios-sdk" */,
			);
			preferredProjectObjectVersion = 77;
			productRefGroup = D48A2A412CDC2667009CB969 /* Products */;
			projectDirPath = "";
			projectRoot = "";
			targets = (
				D48A2A3F2CDC2667009CB969 /* MessagerAppProject */,
			);
		};
/* End PBXProject section */

/* Begin PBXResourcesBuildPhase section */
		D48A2A3E2CDC2667009CB969 /* Resources */ = {
			isa = PBXResourcesBuildPhase;
			buildActionMask = 2147483647;
			files = (
			);
			runOnlyForDeploymentPostprocessing = 0;
		};
/* End PBXResourcesBuildPhase section */

/* Begin PBXSourcesBuildPhase section */
		D48A2A3C2CDC2667009CB969 /* Sources */ = {
			isa = PBXSourcesBuildPhase;
			buildActionMask = 2147483647;
			files = (
			);
			runOnlyForDeploymentPostprocessing = 0;
		};
/* End PBXSourcesBuildPhase section */

/* Begin XCBuildConfiguration section */
		D48A2A4C2CDC266A009CB969 /* Debug */ = {
			isa = XCBuildConfiguration;
			buildSettings = {
				ALWAYS_SEARCH_USER_PATHS = NO;
				ASSETCATALOG_COMPILER_GENERATE_SWIFT_ASSET_SYMBOL_EXTENSIONS = YES;
				CLANG_ANALYZER_NONNULL = YES;
				CLANG_ANALYZER_NUMBER_OBJECT_CONVERSION = YES_AGGRESSIVE;
				CLANG_CXX_LANGUAGE_STANDARD = "gnu++20";
				CLANG_ENABLE_MODULES = YES;
				CLANG_ENABLE_OBJC_ARC = YES;
				CLANG_ENABLE_OBJC_WEAK = YES;
				CLANG_WARN_BLOCK_CAPTURE_AUTORELEASING = YES;
				CLANG_WARN_BOOL_CONVERSION = YES;
				CLANG_WARN_COMMA = YES;
				CLANG_WARN_CONSTANT_CONVERSION = YES;
				CLANG_WARN_DEPRECATED_OBJC_IMPLEMENTATIONS = YES;
				CLANG_WARN_DIRECT_OBJC_ISA_USAGE = YES_ERROR;
				CLANG_WARN_DOCUMENTATION_COMMENTS = YES;
				CLANG_WARN_EMPTY_BODY = YES;
				CLANG_WARN_ENUM_CONVERSION = YES;
				CLANG_WARN_INFINITE_RECURSION = YES;
				CLANG_WARN_INT_CONVERSION = YES;
				CLANG_WARN_NON_LITERAL_NULL_CONVERSION = YES;
				CLANG_WARN_OBJC_IMPLICIT_RETAIN_SELF = YES;
				CLANG_WARN_OBJC_LITERAL_CONVERSION = YES;
				CLANG_WARN_OBJC_ROOT_CLASS = YES_ERROR;
				CLANG_WARN_QUOTED_INCLUDE_IN_FRAMEWORK_HEADER = YES;
				CLANG_WARN_RANGE_LOOP_ANALYSIS = YES;
				CLANG_WARN_STRICT_PROTOTYPES = YES;
				CLANG_WARN_SUSPICIOUS_MOVE = YES;
				CLANG_WARN_UNGUARDED_AVAILABILITY = YES_AGGRESSIVE;
				CLANG_WARN_UNREACHABLE_CODE = YES;
				CLANG_WARN__DUPLICATE_METHOD_MATCH = YES;
				COPY_PHASE_STRIP = NO;
				DEBUG_INFORMATION_FORMAT = dwarf;
				ENABLE_STRICT_OBJC_MSGSEND = YES;
				ENABLE_TESTABILITY = YES;
				ENABLE_USER_SCRIPT_SANDBOXING = YES;
				GCC_C_LANGUAGE_STANDARD = gnu17;
				GCC_DYNAMIC_NO_PIC = NO;
				GCC_NO_COMMON_BLOCKS = YES;
				GCC_OPTIMIZATION_LEVEL = 0;
				GCC_PREPROCESSOR_DEFINITIONS = (
					"DEBUG=1",
					"$(inherited)",
				);
				GCC_WARN_64_TO_32_BIT_CONVERSION = YES;
				GCC_WARN_ABOUT_RETURN_TYPE = YES_ERROR;
				GCC_WARN_UNDECLARED_SELECTOR = YES;
				GCC_WARN_UNINITIALIZED_AUTOS = YES_AGGRESSIVE;
				GCC_WARN_UNUSED_FUNCTION = YES;
				GCC_WARN_UNUSED_VARIABLE = YES;
				IPHONEOS_DEPLOYMENT_TARGET = 18.0;
				LOCALIZATION_PREFERS_STRING_CATALOGS = YES;
				MTL_ENABLE_DEBUG_INFO = INCLUDE_SOURCE;
				MTL_FAST_MATH = YES;
				ONLY_ACTIVE_ARCH = YES;
				SDKROOT = iphoneos;
				SWIFT_ACTIVE_COMPILATION_CONDITIONS = "DEBUG $(inherited)";
				SWIFT_OPTIMIZATION_LEVEL = "-Onone";
			};
			name = Debug;
		};
		D48A2A4D2CDC266A009CB969 /* Release */ = {
			isa = XCBuildConfiguration;
			buildSettings = {
				ALWAYS_SEARCH_USER_PATHS = NO;
				ASSETCATALOG_COMPILER_GENERATE_SWIFT_ASSET_SYMBOL_EXTENSIONS = YES;
				CLANG_ANALYZER_NONNULL = YES;
				CLANG_ANALYZER_NUMBER_OBJECT_CONVERSION = YES_AGGRESSIVE;
				CLANG_CXX_LANGUAGE_STANDARD = "gnu++20";
				CLANG_ENABLE_MODULES = YES;
				CLANG_ENABLE_OBJC_ARC = YES;
				CLANG_ENABLE_OBJC_WEAK = YES;
				CLANG_WARN_BLOCK_CAPTURE_AUTORELEASING = YES;
				CLANG_WARN_BOOL_CONVERSION = YES;
				CLANG_WARN_COMMA = YES;
				CLANG_WARN_CONSTANT_CONVERSION = YES;
				CLANG_WARN_DEPRECATED_OBJC_IMPLEMENTATIONS = YES;
				CLANG_WARN_DIRECT_OBJC_ISA_USAGE = YES_ERROR;
				CLANG_WARN_DOCUMENTATION_COMMENTS = YES;
				CLANG_WARN_EMPTY_BODY = YES;
				CLANG_WARN_ENUM_CONVERSION = YES;
				CLANG_WARN_INFINITE_RECURSION = YES;
				CLANG_WARN_INT_CONVERSION = YES;
				CLANG_WARN_NON_LITERAL_NULL_CONVERSION = YES;
				CLANG_WARN_OBJC_IMPLICIT_RETAIN_SELF = YES;
				CLANG_WARN_OBJC_LITERAL_CONVERSION = YES;
				CLANG_WARN_OBJC_ROOT_CLASS = YES_ERROR;
				CLANG_WARN_QUOTED_INCLUDE_IN_FRAMEWORK_HEADER = YES;
				CLANG_WARN_RANGE_LOOP_ANALYSIS = YES;
				CLANG_WARN_STRICT_PROTOTYPES = YES;
				CLANG_WARN_SUSPICIOUS_MOVE = YES;
				CLANG_WARN_UNGUARDED_AVAILABILITY = YES_AGGRESSIVE;
				CLANG_WARN_UNREACHABLE_CODE = YES;
				CLANG_WARN__DUPLICATE_METHOD_MATCH = YES;
				COPY_PHASE_STRIP = NO;
				DEBUG_INFORMATION_FORMAT = "dwarf-with-dsym";
				ENABLE_NS_ASSERTIONS = NO;
				ENABLE_STRICT_OBJC_MSGSEND = YES;
				ENABLE_USER_SCRIPT_SANDBOXING = YES;
				GCC_C_LANGUAGE_STANDARD = gnu17;
				GCC_NO_COMMON_BLOCKS = YES;
				GCC_WARN_64_TO_32_BIT_CONVERSION = YES;
				GCC_WARN_ABOUT_RETURN_TYPE = YES_ERROR;
				GCC_WARN_UNDECLARED_SELECTOR = YES;
				GCC_WARN_UNINITIALIZED_AUTOS = YES_AGGRESSIVE;
				GCC_WARN_UNUSED_FUNCTION = YES;
				GCC_WARN_UNUSED_VARIABLE = YES;
				IPHONEOS_DEPLOYMENT_TARGET = 18.0;
				LOCALIZATION_PREFERS_STRING_CATALOGS = YES;
				MTL_ENABLE_DEBUG_INFO = NO;
				MTL_FAST_MATH = YES;
				SDKROOT = iphoneos;
				SWIFT_COMPILATION_MODE = wholemodule;
				VALIDATE_PRODUCT = YES;
			};
			name = Release;
		};
		D48A2A4F2CDC266A009CB969 /* Debug */ = {
			isa = XCBuildConfiguration;
			buildSettings = {
				ASSETCATALOG_COMPILER_APPICON_NAME = AppIcon;
				ASSETCATALOG_COMPILER_GLOBAL_ACCENT_COLOR_NAME = AccentColor;
				CODE_SIGN_STYLE = Automatic;
				CURRENT_PROJECT_VERSION = 1;
				DEVELOPMENT_ASSET_PATHS = "\"MessagerAppProject/Preview Content\"";
				ENABLE_PREVIEWS = YES;
				GENERATE_INFOPLIST_FILE = YES;
				INFOPLIST_KEY_UIApplicationSceneManifest_Generation = YES;
				INFOPLIST_KEY_UIApplicationSupportsIndirectInputEvents = YES;
				INFOPLIST_KEY_UILaunchScreen_Generation = YES;
				INFOPLIST_KEY_UISupportedInterfaceOrientations_iPad = "UIInterfaceOrientationPortrait UIInterfaceOrientationPortraitUpsideDown UIInterfaceOrientationLandscapeLeft UIInterfaceOrientationLandscapeRight";
				INFOPLIST_KEY_UISupportedInterfaceOrientations_iPhone = "UIInterfaceOrientationPortrait UIInterfaceOrientationLandscapeLeft UIInterfaceOrientationLandscapeRight";
				LD_RUNPATH_SEARCH_PATHS = (
					"$(inherited)",
					"@executable_path/Frameworks",
				);
				MARKETING_VERSION = 1.0;
				PRODUCT_BUNDLE_IDENTIFIER = com.jacqueline.MessagerAppProject;
				PRODUCT_NAME = "$(TARGET_NAME)";
				SWIFT_EMIT_LOC_STRINGS = YES;
				SWIFT_VERSION = 5.0;
				TARGETED_DEVICE_FAMILY = "1,2";
			};
			name = Debug;
		};
		D48A2A502CDC266A009CB969 /* Release */ = {
			isa = XCBuildConfiguration;
			buildSettings = {
				ASSETCATALOG_COMPILER_APPICON_NAME = AppIcon;
				ASSETCATALOG_COMPILER_GLOBAL_ACCENT_COLOR_NAME = AccentColor;
				CODE_SIGN_STYLE = Automatic;
				CURRENT_PROJECT_VERSION = 1;
				DEVELOPMENT_ASSET_PATHS = "\"MessagerAppProject/Preview Content\"";
				ENABLE_PREVIEWS = YES;
				GENERATE_INFOPLIST_FILE = YES;
				INFOPLIST_KEY_UIApplicationSceneManifest_Generation = YES;
				INFOPLIST_KEY_UIApplicationSupportsIndirectInputEvents = YES;
				INFOPLIST_KEY_UILaunchScreen_Generation = YES;
				INFOPLIST_KEY_UISupportedInterfaceOrientations_iPad = "UIInterfaceOrientationPortrait UIInterfaceOrientationPortraitUpsideDown UIInterfaceOrientationLandscapeLeft UIInterfaceOrientationLandscapeRight";
				INFOPLIST_KEY_UISupportedInterfaceOrientations_iPhone = "UIInterfaceOrientationPortrait UIInterfaceOrientationLandscapeLeft UIInterfaceOrientationLandscapeRight";
				LD_RUNPATH_SEARCH_PATHS = (
					"$(inherited)",
					"@executable_path/Frameworks",
				);
				MARKETING_VERSION = 1.0;
				PRODUCT_BUNDLE_IDENTIFIER = com.jacqueline.MessagerAppProject;
				PRODUCT_NAME = "$(TARGET_NAME)";
				SWIFT_EMIT_LOC_STRINGS = YES;
				SWIFT_VERSION = 5.0;
				TARGETED_DEVICE_FAMILY = "1,2";
			};
			name = Release;
		};
/* End XCBuildConfiguration section */

/* Begin XCConfigurationList section */
		D48A2A3B2CDC2667009CB969 /* Build configuration list for PBXProject "MessagerAppProject" */ = {
			isa = XCConfigurationList;
			buildConfigurations = (
				D48A2A4C2CDC266A009CB969 /* Debug */,
				D48A2A4D2CDC266A009CB969 /* Release */,
			);
			defaultConfigurationIsVisible = 0;
			defaultConfigurationName = Release;
		};
		D48A2A4E2CDC266A009CB969 /* Build configuration list for PBXNativeTarget "MessagerAppProject" */ = {
			isa = XCConfigurationList;
			buildConfigurations = (
				D48A2A4F2CDC266A009CB969 /* Debug */,
				D48A2A502CDC266A009CB969 /* Release */,
			);
			defaultConfigurationIsVisible = 0;
			defaultConfigurationName = Release;
		};
/* End XCConfigurationList section */

/* Begin XCRemoteSwiftPackageReference section */
		D4001DBA2CE2756300760CC2 /* XCRemoteSwiftPackageReference "firebase-ios-sdk" */ = {
			isa = XCRemoteSwiftPackageReference;
			repositoryURL = "https://github.com/firebase/firebase-ios-sdk";
			requirement = {
				kind = upToNextMajorVersion;
				minimumVersion = 11.4.0;
			};
		};
/* End XCRemoteSwiftPackageReference section */

/* Begin XCSwiftPackageProductDependency section */
		D4001DBB2CE2756300760CC2 /* FirebaseAnalytics */ = {
			isa = XCSwiftPackageProductDependency;
			package = D4001DBA2CE2756300760CC2 /* XCRemoteSwiftPackageReference "firebase-ios-sdk" */;
			productName = FirebaseAnalytics;
		};
		D4001DBD2CE2756300760CC2 /* FirebaseAnalyticsOnDeviceConversion */ = {
			isa = XCSwiftPackageProductDependency;
			package = D4001DBA2CE2756300760CC2 /* XCRemoteSwiftPackageReference "firebase-ios-sdk" */;
			productName = FirebaseAnalyticsOnDeviceConversion;
		};
		D4001DBF2CE2756300760CC2 /* FirebaseAnalyticsWithoutAdIdSupport */ = {
			isa = XCSwiftPackageProductDependency;
			package = D4001DBA2CE2756300760CC2 /* XCRemoteSwiftPackageReference "firebase-ios-sdk" */;
			productName = FirebaseAnalyticsWithoutAdIdSupport;
		};
		D4001DC12CE2756300760CC2 /* FirebaseAppCheck */ = {
			isa = XCSwiftPackageProductDependency;
			package = D4001DBA2CE2756300760CC2 /* XCRemoteSwiftPackageReference "firebase-ios-sdk" */;
			productName = FirebaseAppCheck;
		};
		D4001DC32CE2756300760CC2 /* FirebaseAppDistribution-Beta */ = {
			isa = XCSwiftPackageProductDependency;
			package = D4001DBA2CE2756300760CC2 /* XCRemoteSwiftPackageReference "firebase-ios-sdk" */;
			productName = "FirebaseAppDistribution-Beta";
		};
		D4001DC52CE2756300760CC2 /* FirebaseAuth */ = {
			isa = XCSwiftPackageProductDependency;
			package = D4001DBA2CE2756300760CC2 /* XCRemoteSwiftPackageReference "firebase-ios-sdk" */;
			productName = FirebaseAuth;
		};
		D4001DC72CE2756300760CC2 /* FirebaseAuthCombine-Community */ = {
			isa = XCSwiftPackageProductDependency;
			package = D4001DBA2CE2756300760CC2 /* XCRemoteSwiftPackageReference "firebase-ios-sdk" */;
			productName = "FirebaseAuthCombine-Community";
		};
		D4001DC92CE2756300760CC2 /* FirebaseCore */ = {
			isa = XCSwiftPackageProductDependency;
			package = D4001DBA2CE2756300760CC2 /* XCRemoteSwiftPackageReference "firebase-ios-sdk" */;
			productName = FirebaseCore;
		};
		D4001DCB2CE2756300760CC2 /* FirebaseCrashlytics */ = {
			isa = XCSwiftPackageProductDependency;
			package = D4001DBA2CE2756300760CC2 /* XCRemoteSwiftPackageReference "firebase-ios-sdk" */;
			productName = FirebaseCrashlytics;
		};
		D4001DCD2CE2756300760CC2 /* FirebaseDatabase */ = {
			isa = XCSwiftPackageProductDependency;
			package = D4001DBA2CE2756300760CC2 /* XCRemoteSwiftPackageReference "firebase-ios-sdk" */;
			productName = FirebaseDatabase;
		};
		D4001DCF2CE2756300760CC2 /* FirebaseDynamicLinks */ = {
			isa = XCSwiftPackageProductDependency;
			package = D4001DBA2CE2756300760CC2 /* XCRemoteSwiftPackageReference "firebase-ios-sdk" */;
			productName = FirebaseDynamicLinks;
		};
		D4001DD12CE2756300760CC2 /* FirebaseFirestore */ = {
			isa = XCSwiftPackageProductDependency;
			package = D4001DBA2CE2756300760CC2 /* XCRemoteSwiftPackageReference "firebase-ios-sdk" */;
			productName = FirebaseFirestore;
		};
		D4001DD32CE2756300760CC2 /* FirebaseFirestoreCombine-Community */ = {
			isa = XCSwiftPackageProductDependency;
			package = D4001DBA2CE2756300760CC2 /* XCRemoteSwiftPackageReference "firebase-ios-sdk" */;
			productName = "FirebaseFirestoreCombine-Community";
		};
		D4001DD52CE2756300760CC2 /* FirebaseFunctions */ = {
			isa = XCSwiftPackageProductDependency;
			package = D4001DBA2CE2756300760CC2 /* XCRemoteSwiftPackageReference "firebase-ios-sdk" */;
			productName = FirebaseFunctions;
		};
		D4001DD72CE2756300760CC2 /* FirebaseFunctionsCombine-Community */ = {
			isa = XCSwiftPackageProductDependency;
			package = D4001DBA2CE2756300760CC2 /* XCRemoteSwiftPackageReference "firebase-ios-sdk" */;
			productName = "FirebaseFunctionsCombine-Community";
		};
		D4001DD92CE2756300760CC2 /* FirebaseInAppMessaging-Beta */ = {
			isa = XCSwiftPackageProductDependency;
			package = D4001DBA2CE2756300760CC2 /* XCRemoteSwiftPackageReference "firebase-ios-sdk" */;
			productName = "FirebaseInAppMessaging-Beta";
		};
		D4001DDB2CE2756300760CC2 /* FirebaseInstallations */ = {
			isa = XCSwiftPackageProductDependency;
			package = D4001DBA2CE2756300760CC2 /* XCRemoteSwiftPackageReference "firebase-ios-sdk" */;
			productName = FirebaseInstallations;
		};
		D4001DDD2CE2756300760CC2 /* FirebaseMLModelDownloader */ = {
			isa = XCSwiftPackageProductDependency;
			package = D4001DBA2CE2756300760CC2 /* XCRemoteSwiftPackageReference "firebase-ios-sdk" */;
			productName = FirebaseMLModelDownloader;
		};
		D4001DDF2CE2756300760CC2 /* FirebaseMessaging */ = {
			isa = XCSwiftPackageProductDependency;
			package = D4001DBA2CE2756300760CC2 /* XCRemoteSwiftPackageReference "firebase-ios-sdk" */;
			productName = FirebaseMessaging;
		};
		D4001DE12CE2756300760CC2 /* FirebasePerformance */ = {
			isa = XCSwiftPackageProductDependency;
			package = D4001DBA2CE2756300760CC2 /* XCRemoteSwiftPackageReference "firebase-ios-sdk" */;
			productName = FirebasePerformance;
		};
		D4001DE32CE2756300760CC2 /* FirebaseRemoteConfig */ = {
			isa = XCSwiftPackageProductDependency;
			package = D4001DBA2CE2756300760CC2 /* XCRemoteSwiftPackageReference "firebase-ios-sdk" */;
			productName = FirebaseRemoteConfig;
		};
		D4001DE52CE2756300760CC2 /* FirebaseStorage */ = {
			isa = XCSwiftPackageProductDependency;
			package = D4001DBA2CE2756300760CC2 /* XCRemoteSwiftPackageReference "firebase-ios-sdk" */;
			productName = FirebaseStorage;
		};
		D4001DE72CE2756300760CC2 /* FirebaseStorageCombine-Community */ = {
			isa = XCSwiftPackageProductDependency;
			package = D4001DBA2CE2756300760CC2 /* XCRemoteSwiftPackageReference "firebase-ios-sdk" */;
			productName = "FirebaseStorageCombine-Community";
		};
		D4001DE92CE2756300760CC2 /* FirebaseVertexAI */ = {
			isa = XCSwiftPackageProductDependency;
			package = D4001DBA2CE2756300760CC2 /* XCRemoteSwiftPackageReference "firebase-ios-sdk" */;
			productName = FirebaseVertexAI;
		};
/* End XCSwiftPackageProductDependency section */
	};
	rootObject = D48A2A382CDC2667009CB969 /* Project object */;
}
